
Microsoft Visual Studio Solution File, Format Version 12.00
# Visual Studio Version 16
VisualStudioVersion = 16.0.28803.156
MinimumVisualStudioVersion = 10.0.40219.1
Project("{FAE04EC0-301F-11D3-BF4B-00C04F79EFBC}") = "Main", "Main\Main.csproj", "{0F02535F-FE6A-4BBF-9FC0-70AEE44B7789}"
EndProject
Global
	GlobalSection(SolutionConfigurationPlatforms) = preSolution
		Debug|Any CPU = Debug|Any CPU
		Release|Any CPU = Release|Any CPU
	EndGlobalSection
	GlobalSection(ProjectConfigurationPlatforms) = postSolution
		{0F02535F-FE6A-4BBF-9FC0-70AEE44B7789}.Debug|Any CPU.ActiveCfg = Debug|Any CPU
		{0F02535F-FE6A-4BBF-9FC0-70AEE44B7789}.Debug|Any CPU.Build.0 = Debug|Any CPU
		{0F02535F-FE6A-4BBF-9FC0-70AEE44B7789}.Release|Any CPU.ActiveCfg = Release|Any CPU
		{0F02535F-FE6A-4BBF-9FC0-70AEE44B7789}.Release|Any CPU.Build.0 = Release|Any CPU
	EndGlobalSection
	GlobalSection(SolutionProperties) = preSolution
		HideSolutionNode = FALSE
	EndGlobalSection
	GlobalSection(ExtensibilityGlobals) = postSolution
		SolutionGuid = {3555C0B9-6E66-4880-BAB2-923CCA2EF481}
	EndGlobalSection
EndGlobal
