
Microsoft Visual Studio Solution File, Format Version 12.00
# Visual Studio Version 16
VisualStudioVersion = 16.0.28803.156
MinimumVisualStudioVersion = 10.0.40219.1
Project("{FAE04EC0-301F-11D3-BF4B-00C04F79EFBC}") = "Main", "Main\Main.csproj", "{92A21B19-7648-4058-9EFE-5FC099648F95}"
EndProject
Global
	GlobalSection(SolutionConfigurationPlatforms) = preSolution
		Debug|Any CPU = Debug|Any CPU
		Release|Any CPU = Release|Any CPU
	EndGlobalSection
	GlobalSection(ProjectConfigurationPlatforms) = postSolution
		{92A21B19-7648-4058-9EFE-5FC099648F95}.Debug|Any CPU.ActiveCfg = Debug|Any CPU
		{92A21B19-7648-4058-9EFE-5FC099648F95}.Debug|Any CPU.Build.0 = Debug|Any CPU
		{92A21B19-7648-4058-9EFE-5FC099648F95}.Release|Any CPU.ActiveCfg = Release|Any CPU
		{92A21B19-7648-4058-9EFE-5FC099648F95}.Release|Any CPU.Build.0 = Release|Any CPU
	EndGlobalSection
	GlobalSection(SolutionProperties) = preSolution
		HideSolutionNode = FALSE
	EndGlobalSection
	GlobalSection(ExtensibilityGlobals) = postSolution
		SolutionGuid = {B25AF096-105F-46F3-91D5-82CACCA12C87}
	EndGlobalSection
EndGlobal
